
Microsoft Visual Studio Solution File, Format Version 12.00
# Visual Studio 15
VisualStudioVersion = 15.0.26730.16
MinimumVisualStudioVersion = 10.0.40219.1
Project("{D954291E-2A0B-460D-934E-DC6B0785DB48}") = "App_alarma_vecinal", "App-alarma-vecinal\App_alarma_vecinal\App_alarma_vecinal.shproj", "{5A5B2FE9-AA9A-4208-BB29-E84DBFB94552}"
EndProject
Project("{FAE04EC0-301F-11D3-BF4B-00C04F79EFBC}") = "App_alarma_vecinal.Android", "App-alarma-vecinal\App_alarma_vecinal.Android\App_alarma_vecinal.Android.csproj", "{D20541BE-ED19-4C6F-B47C-7F8B11AFDB25}"
EndProject
Project("{FAE04EC0-301F-11D3-BF4B-00C04F79EFBC}") = "App_alarma_vecinal.iOS", "App-alarma-vecinal\App_alarma_vecinal.iOS\App_alarma_vecinal.iOS.csproj", "{41F87AE1-CA74-4508-98EE-47782572F116}"
EndProject
Project("{FAE04EC0-301F-11D3-BF4B-00C04F79EFBC}") = "App_alarma_vecinal.UWP", "App-alarma-vecinal\App_alarma_vecinal.UWP\App_alarma_vecinal.UWP.csproj", "{475CBCAF-7E2B-462C-87AA-79EA857A56C2}"
EndProject
Global
	GlobalSection(SharedMSBuildProjectFiles) = preSolution
		App-alarma-vecinal\App_alarma_vecinal\App_alarma_vecinal.projitems*{41f87ae1-ca74-4508-98ee-47782572f116}*SharedItemsImports = 4
		App-alarma-vecinal\App_alarma_vecinal\App_alarma_vecinal.projitems*{475cbcaf-7e2b-462c-87aa-79ea857a56c2}*SharedItemsImports = 4
		App-alarma-vecinal\App_alarma_vecinal\App_alarma_vecinal.projitems*{5a5b2fe9-aa9a-4208-bb29-e84dbfb94552}*SharedItemsImports = 13
		App-alarma-vecinal\App_alarma_vecinal\App_alarma_vecinal.projitems*{d20541be-ed19-4c6f-b47c-7f8b11afdb25}*SharedItemsImports = 4
	EndGlobalSection
	GlobalSection(SolutionConfigurationPlatforms) = preSolution
		Ad-Hoc|Any CPU = Ad-Hoc|Any CPU
		Ad-Hoc|ARM = Ad-Hoc|ARM
		Ad-Hoc|iPhone = Ad-Hoc|iPhone
		Ad-Hoc|iPhoneSimulator = Ad-Hoc|iPhoneSimulator
		Ad-Hoc|x64 = Ad-Hoc|x64
		Ad-Hoc|x86 = Ad-Hoc|x86
		AppStore|Any CPU = AppStore|Any CPU
		AppStore|ARM = AppStore|ARM
		AppStore|iPhone = AppStore|iPhone
		AppStore|iPhoneSimulator = AppStore|iPhoneSimulator
		AppStore|x64 = AppStore|x64
		AppStore|x86 = AppStore|x86
		Debug|Any CPU = Debug|Any CPU
		Debug|ARM = Debug|ARM
		Debug|iPhone = Debug|iPhone
		Debug|iPhoneSimulator = Debug|iPhoneSimulator
		Debug|x64 = Debug|x64
		Debug|x86 = Debug|x86
		Release|Any CPU = Release|Any CPU
		Release|ARM = Release|ARM
		Release|iPhone = Release|iPhone
		Release|iPhoneSimulator = Release|iPhoneSimulator
		Release|x64 = Release|x64
		Release|x86 = Release|x86
	EndGlobalSection
	GlobalSection(ProjectConfigurationPlatforms) = postSolution
		{D20541BE-ED19-4C6F-B47C-7F8B11AFDB25}.Ad-Hoc|Any CPU.ActiveCfg = Release|Any CPU
		{D20541BE-ED19-4C6F-B47C-7F8B11AFDB25}.Ad-Hoc|Any CPU.Build.0 = Release|Any CPU
		{D20541BE-ED19-4C6F-B47C-7F8B11AFDB25}.Ad-Hoc|Any CPU.Deploy.0 = Release|Any CPU
		{D20541BE-ED19-4C6F-B47C-7F8B11AFDB25}.Ad-Hoc|ARM.ActiveCfg = Release|Any CPU
		{D20541BE-ED19-4C6F-B47C-7F8B11AFDB25}.Ad-Hoc|ARM.Build.0 = Release|Any CPU
		{D20541BE-ED19-4C6F-B47C-7F8B11AFDB25}.Ad-Hoc|ARM.Deploy.0 = Release|Any CPU
		{D20541BE-ED19-4C6F-B47C-7F8B11AFDB25}.Ad-Hoc|iPhone.ActiveCfg = Release|Any CPU
		{D20541BE-ED19-4C6F-B47C-7F8B11AFDB25}.Ad-Hoc|iPhone.Build.0 = Release|Any CPU
		{D20541BE-ED19-4C6F-B47C-7F8B11AFDB25}.Ad-Hoc|iPhone.Deploy.0 = Release|Any CPU
		{D20541BE-ED19-4C6F-B47C-7F8B11AFDB25}.Ad-Hoc|iPhoneSimulator.ActiveCfg = Release|Any CPU
		{D20541BE-ED19-4C6F-B47C-7F8B11AFDB25}.Ad-Hoc|iPhoneSimulator.Build.0 = Release|Any CPU
		{D20541BE-ED19-4C6F-B47C-7F8B11AFDB25}.Ad-Hoc|iPhoneSimulator.Deploy.0 = Release|Any CPU
		{D20541BE-ED19-4C6F-B47C-7F8B11AFDB25}.Ad-Hoc|x64.ActiveCfg = Release|Any CPU
		{D20541BE-ED19-4C6F-B47C-7F8B11AFDB25}.Ad-Hoc|x64.Build.0 = Release|Any CPU
		{D20541BE-ED19-4C6F-B47C-7F8B11AFDB25}.Ad-Hoc|x64.Deploy.0 = Release|Any CPU
		{D20541BE-ED19-4C6F-B47C-7F8B11AFDB25}.Ad-Hoc|x86.ActiveCfg = Release|Any CPU
		{D20541BE-ED19-4C6F-B47C-7F8B11AFDB25}.Ad-Hoc|x86.Build.0 = Release|Any CPU
		{D20541BE-ED19-4C6F-B47C-7F8B11AFDB25}.Ad-Hoc|x86.Deploy.0 = Release|Any CPU
		{D20541BE-ED19-4C6F-B47C-7F8B11AFDB25}.AppStore|Any CPU.ActiveCfg = Release|Any CPU
		{D20541BE-ED19-4C6F-B47C-7F8B11AFDB25}.AppStore|Any CPU.Build.0 = Release|Any CPU
		{D20541BE-ED19-4C6F-B47C-7F8B11AFDB25}.AppStore|Any CPU.Deploy.0 = Release|Any CPU
		{D20541BE-ED19-4C6F-B47C-7F8B11AFDB25}.AppStore|ARM.ActiveCfg = Release|Any CPU
		{D20541BE-ED19-4C6F-B47C-7F8B11AFDB25}.AppStore|ARM.Build.0 = Release|Any CPU
		{D20541BE-ED19-4C6F-B47C-7F8B11AFDB25}.AppStore|ARM.Deploy.0 = Release|Any CPU
		{D20541BE-ED19-4C6F-B47C-7F8B11AFDB25}.AppStore|iPhone.ActiveCfg = Release|Any CPU
		{D20541BE-ED19-4C6F-B47C-7F8B11AFDB25}.AppStore|iPhone.Build.0 = Release|Any CPU
		{D20541BE-ED19-4C6F-B47C-7F8B11AFDB25}.AppStore|iPhone.Deploy.0 = Release|Any CPU
		{D20541BE-ED19-4C6F-B47C-7F8B11AFDB25}.AppStore|iPhoneSimulator.ActiveCfg = Release|Any CPU
		{D20541BE-ED19-4C6F-B47C-7F8B11AFDB25}.AppStore|iPhoneSimulator.Build.0 = Release|Any CPU
		{D20541BE-ED19-4C6F-B47C-7F8B11AFDB25}.AppStore|iPhoneSimulator.Deploy.0 = Release|Any CPU
		{D20541BE-ED19-4C6F-B47C-7F8B11AFDB25}.AppStore|x64.ActiveCfg = Release|Any CPU
		{D20541BE-ED19-4C6F-B47C-7F8B11AFDB25}.AppStore|x64.Build.0 = Release|Any CPU
		{D20541BE-ED19-4C6F-B47C-7F8B11AFDB25}.AppStore|x64.Deploy.0 = Release|Any CPU
		{D20541BE-ED19-4C6F-B47C-7F8B11AFDB25}.AppStore|x86.ActiveCfg = Release|Any CPU
		{D20541BE-ED19-4C6F-B47C-7F8B11AFDB25}.AppStore|x86.Build.0 = Release|Any CPU
		{D20541BE-ED19-4C6F-B47C-7F8B11AFDB25}.AppStore|x86.Deploy.0 = Release|Any CPU
		{D20541BE-ED19-4C6F-B47C-7F8B11AFDB25}.Debug|Any CPU.ActiveCfg = Debug|Any CPU
		{D20541BE-ED19-4C6F-B47C-7F8B11AFDB25}.Debug|Any CPU.Build.0 = Debug|Any CPU
		{D20541BE-ED19-4C6F-B47C-7F8B11AFDB25}.Debug|Any CPU.Deploy.0 = Debug|Any CPU
		{D20541BE-ED19-4C6F-B47C-7F8B11AFDB25}.Debug|ARM.ActiveCfg = Debug|Any CPU
		{D20541BE-ED19-4C6F-B47C-7F8B11AFDB25}.Debug|ARM.Build.0 = Debug|Any CPU
		{D20541BE-ED19-4C6F-B47C-7F8B11AFDB25}.Debug|ARM.Deploy.0 = Debug|Any CPU
		{D20541BE-ED19-4C6F-B47C-7F8B11AFDB25}.Debug|iPhone.ActiveCfg = Debug|Any CPU
		{D20541BE-ED19-4C6F-B47C-7F8B11AFDB25}.Debug|iPhone.Build.0 = Debug|Any CPU
		{D20541BE-ED19-4C6F-B47C-7F8B11AFDB25}.Debug|iPhone.Deploy.0 = Debug|Any CPU
		{D20541BE-ED19-4C6F-B47C-7F8B11AFDB25}.Debug|iPhoneSimulator.ActiveCfg = Debug|Any CPU
		{D20541BE-ED19-4C6F-B47C-7F8B11AFDB25}.Debug|iPhoneSimulator.Build.0 = Debug|Any CPU
		{D20541BE-ED19-4C6F-B47C-7F8B11AFDB25}.Debug|iPhoneSimulator.Deploy.0 = Debug|Any CPU
		{D20541BE-ED19-4C6F-B47C-7F8B11AFDB25}.Debug|x64.ActiveCfg = Debug|Any CPU
		{D20541BE-ED19-4C6F-B47C-7F8B11AFDB25}.Debug|x64.Build.0 = Debug|Any CPU
		{D20541BE-ED19-4C6F-B47C-7F8B11AFDB25}.Debug|x64.Deploy.0 = Debug|Any CPU
		{D20541BE-ED19-4C6F-B47C-7F8B11AFDB25}.Debug|x86.ActiveCfg = Debug|Any CPU
		{D20541BE-ED19-4C6F-B47C-7F8B11AFDB25}.Debug|x86.Build.0 = Debug|Any CPU
		{D20541BE-ED19-4C6F-B47C-7F8B11AFDB25}.Debug|x86.Deploy.0 = Debug|Any CPU
		{D20541BE-ED19-4C6F-B47C-7F8B11AFDB25}.Release|Any CPU.ActiveCfg = Release|Any CPU
		{D20541BE-ED19-4C6F-B47C-7F8B11AFDB25}.Release|Any CPU.Build.0 = Release|Any CPU
		{D20541BE-ED19-4C6F-B47C-7F8B11AFDB25}.Release|Any CPU.Deploy.0 = Release|Any CPU
		{D20541BE-ED19-4C6F-B47C-7F8B11AFDB25}.Release|ARM.ActiveCfg = Release|Any CPU
		{D20541BE-ED19-4C6F-B47C-7F8B11AFDB25}.Release|ARM.Build.0 = Release|Any CPU
		{D20541BE-ED19-4C6F-B47C-7F8B11AFDB25}.Release|ARM.Deploy.0 = Release|Any CPU
		{D20541BE-ED19-4C6F-B47C-7F8B11AFDB25}.Release|iPhone.ActiveCfg = Release|Any CPU
		{D20541BE-ED19-4C6F-B47C-7F8B11AFDB25}.Release|iPhone.Build.0 = Release|Any CPU
		{D20541BE-ED19-4C6F-B47C-7F8B11AFDB25}.Release|iPhone.Deploy.0 = Release|Any CPU
		{D20541BE-ED19-4C6F-B47C-7F8B11AFDB25}.Release|iPhoneSimulator.ActiveCfg = Release|Any CPU
		{D20541BE-ED19-4C6F-B47C-7F8B11AFDB25}.Release|iPhoneSimulator.Build.0 = Release|Any CPU
		{D20541BE-ED19-4C6F-B47C-7F8B11AFDB25}.Release|iPhoneSimulator.Deploy.0 = Release|Any CPU
		{D20541BE-ED19-4C6F-B47C-7F8B11AFDB25}.Release|x64.ActiveCfg = Release|Any CPU
		{D20541BE-ED19-4C6F-B47C-7F8B11AFDB25}.Release|x64.Build.0 = Release|Any CPU
		{D20541BE-ED19-4C6F-B47C-7F8B11AFDB25}.Release|x64.Deploy.0 = Release|Any CPU
		{D20541BE-ED19-4C6F-B47C-7F8B11AFDB25}.Release|x86.ActiveCfg = Release|Any CPU
		{D20541BE-ED19-4C6F-B47C-7F8B11AFDB25}.Release|x86.Build.0 = Release|Any CPU
		{D20541BE-ED19-4C6F-B47C-7F8B11AFDB25}.Release|x86.Deploy.0 = Release|Any CPU
		{41F87AE1-CA74-4508-98EE-47782572F116}.Ad-Hoc|Any CPU.ActiveCfg = Ad-Hoc|iPhone
		{41F87AE1-CA74-4508-98EE-47782572F116}.Ad-Hoc|ARM.ActiveCfg = Ad-Hoc|iPhone
		{41F87AE1-CA74-4508-98EE-47782572F116}.Ad-Hoc|iPhone.ActiveCfg = Ad-Hoc|iPhone
		{41F87AE1-CA74-4508-98EE-47782572F116}.Ad-Hoc|iPhone.Build.0 = Ad-Hoc|iPhone
		{41F87AE1-CA74-4508-98EE-47782572F116}.Ad-Hoc|iPhoneSimulator.ActiveCfg = Ad-Hoc|iPhoneSimulator
		{41F87AE1-CA74-4508-98EE-47782572F116}.Ad-Hoc|iPhoneSimulator.Build.0 = Ad-Hoc|iPhoneSimulator
		{41F87AE1-CA74-4508-98EE-47782572F116}.Ad-Hoc|x64.ActiveCfg = Ad-Hoc|iPhone
		{41F87AE1-CA74-4508-98EE-47782572F116}.Ad-Hoc|x86.ActiveCfg = Ad-Hoc|iPhone
		{41F87AE1-CA74-4508-98EE-47782572F116}.AppStore|Any CPU.ActiveCfg = AppStore|iPhone
		{41F87AE1-CA74-4508-98EE-47782572F116}.AppStore|ARM.ActiveCfg = AppStore|iPhone
		{41F87AE1-CA74-4508-98EE-47782572F116}.AppStore|iPhone.ActiveCfg = AppStore|iPhone
		{41F87AE1-CA74-4508-98EE-47782572F116}.AppStore|iPhone.Build.0 = AppStore|iPhone
		{41F87AE1-CA74-4508-98EE-47782572F116}.AppStore|iPhoneSimulator.ActiveCfg = AppStore|iPhoneSimulator
		{41F87AE1-CA74-4508-98EE-47782572F116}.AppStore|iPhoneSimulator.Build.0 = AppStore|iPhoneSimulator
		{41F87AE1-CA74-4508-98EE-47782572F116}.AppStore|x64.ActiveCfg = AppStore|iPhone
		{41F87AE1-CA74-4508-98EE-47782572F116}.AppStore|x86.ActiveCfg = AppStore|iPhone
		{41F87AE1-CA74-4508-98EE-47782572F116}.Debug|Any CPU.ActiveCfg = Debug|iPhone
		{41F87AE1-CA74-4508-98EE-47782572F116}.Debug|ARM.ActiveCfg = Debug|iPhone
		{41F87AE1-CA74-4508-98EE-47782572F116}.Debug|iPhone.ActiveCfg = Debug|iPhone
		{41F87AE1-CA74-4508-98EE-47782572F116}.Debug|iPhone.Build.0 = Debug|iPhone
		{41F87AE1-CA74-4508-98EE-47782572F116}.Debug|iPhoneSimulator.ActiveCfg = Debug|iPhoneSimulator
		{41F87AE1-CA74-4508-98EE-47782572F116}.Debug|iPhoneSimulator.Build.0 = Debug|iPhoneSimulator
		{41F87AE1-CA74-4508-98EE-47782572F116}.Debug|x64.ActiveCfg = Debug|iPhone
		{41F87AE1-CA74-4508-98EE-47782572F116}.Debug|x86.ActiveCfg = Debug|iPhone
		{41F87AE1-CA74-4508-98EE-47782572F116}.Release|Any CPU.ActiveCfg = Release|iPhone
		{41F87AE1-CA74-4508-98EE-47782572F116}.Release|ARM.ActiveCfg = Release|iPhone
		{41F87AE1-CA74-4508-98EE-47782572F116}.Release|iPhone.ActiveCfg = Release|iPhone
		{41F87AE1-CA74-4508-98EE-47782572F116}.Release|iPhone.Build.0 = Release|iPhone
		{41F87AE1-CA74-4508-98EE-47782572F116}.Release|iPhoneSimulator.ActiveCfg = Release|iPhoneSimulator
		{41F87AE1-CA74-4508-98EE-47782572F116}.Release|iPhoneSimulator.Build.0 = Release|iPhoneSimulator
		{41F87AE1-CA74-4508-98EE-47782572F116}.Release|x64.ActiveCfg = Release|iPhone
		{41F87AE1-CA74-4508-98EE-47782572F116}.Release|x86.ActiveCfg = Release|iPhone
		{475CBCAF-7E2B-462C-87AA-79EA857A56C2}.Ad-Hoc|Any CPU.ActiveCfg = Release|x86
		{475CBCAF-7E2B-462C-87AA-79EA857A56C2}.Ad-Hoc|Any CPU.Build.0 = Release|x86
		{475CBCAF-7E2B-462C-87AA-79EA857A56C2}.Ad-Hoc|Any CPU.Deploy.0 = Release|x86
		{475CBCAF-7E2B-462C-87AA-79EA857A56C2}.Ad-Hoc|ARM.ActiveCfg = Release|ARM
		{475CBCAF-7E2B-462C-87AA-79EA857A56C2}.Ad-Hoc|ARM.Build.0 = Release|ARM
		{475CBCAF-7E2B-462C-87AA-79EA857A56C2}.Ad-Hoc|ARM.Deploy.0 = Release|ARM
		{475CBCAF-7E2B-462C-87AA-79EA857A56C2}.Ad-Hoc|iPhone.ActiveCfg = Release|x86
		{475CBCAF-7E2B-462C-87AA-79EA857A56C2}.Ad-Hoc|iPhone.Build.0 = Release|x86
		{475CBCAF-7E2B-462C-87AA-79EA857A56C2}.Ad-Hoc|iPhone.Deploy.0 = Release|x86
		{475CBCAF-7E2B-462C-87AA-79EA857A56C2}.Ad-Hoc|iPhoneSimulator.ActiveCfg = Release|x86
		{475CBCAF-7E2B-462C-87AA-79EA857A56C2}.Ad-Hoc|iPhoneSimulator.Build.0 = Release|x86
		{475CBCAF-7E2B-462C-87AA-79EA857A56C2}.Ad-Hoc|iPhoneSimulator.Deploy.0 = Release|x86
		{475CBCAF-7E2B-462C-87AA-79EA857A56C2}.Ad-Hoc|x64.ActiveCfg = Release|x64
		{475CBCAF-7E2B-462C-87AA-79EA857A56C2}.Ad-Hoc|x64.Build.0 = Release|x64
		{475CBCAF-7E2B-462C-87AA-79EA857A56C2}.Ad-Hoc|x64.Deploy.0 = Release|x64
		{475CBCAF-7E2B-462C-87AA-79EA857A56C2}.Ad-Hoc|x86.ActiveCfg = Release|x86
		{475CBCAF-7E2B-462C-87AA-79EA857A56C2}.Ad-Hoc|x86.Build.0 = Release|x86
		{475CBCAF-7E2B-462C-87AA-79EA857A56C2}.Ad-Hoc|x86.Deploy.0 = Release|x86
		{475CBCAF-7E2B-462C-87AA-79EA857A56C2}.AppStore|Any CPU.ActiveCfg = Release|x86
		{475CBCAF-7E2B-462C-87AA-79EA857A56C2}.AppStore|Any CPU.Build.0 = Release|x86
		{475CBCAF-7E2B-462C-87AA-79EA857A56C2}.AppStore|Any CPU.Deploy.0 = Release|x86
		{475CBCAF-7E2B-462C-87AA-79EA857A56C2}.AppStore|ARM.ActiveCfg = Release|ARM
		{475CBCAF-7E2B-462C-87AA-79EA857A56C2}.AppStore|ARM.Build.0 = Release|ARM
		{475CBCAF-7E2B-462C-87AA-79EA857A56C2}.AppStore|ARM.Deploy.0 = Release|ARM
		{475CBCAF-7E2B-462C-87AA-79EA857A56C2}.AppStore|iPhone.ActiveCfg = Release|x86
		{475CBCAF-7E2B-462C-87AA-79EA857A56C2}.AppStore|iPhone.Build.0 = Release|x86
		{475CBCAF-7E2B-462C-87AA-79EA857A56C2}.AppStore|iPhone.Deploy.0 = Release|x86
		{475CBCAF-7E2B-462C-87AA-79EA857A56C2}.AppStore|iPhoneSimulator.ActiveCfg = Release|x86
		{475CBCAF-7E2B-462C-87AA-79EA857A56C2}.AppStore|iPhoneSimulator.Build.0 = Release|x86
		{475CBCAF-7E2B-462C-87AA-79EA857A56C2}.AppStore|iPhoneSimulator.Deploy.0 = Release|x86
		{475CBCAF-7E2B-462C-87AA-79EA857A56C2}.AppStore|x64.ActiveCfg = Release|x64
		{475CBCAF-7E2B-462C-87AA-79EA857A56C2}.AppStore|x64.Build.0 = Release|x64
		{475CBCAF-7E2B-462C-87AA-79EA857A56C2}.AppStore|x64.Deploy.0 = Release|x64
		{475CBCAF-7E2B-462C-87AA-79EA857A56C2}.AppStore|x86.ActiveCfg = Release|x86
		{475CBCAF-7E2B-462C-87AA-79EA857A56C2}.AppStore|x86.Build.0 = Release|x86
		{475CBCAF-7E2B-462C-87AA-79EA857A56C2}.AppStore|x86.Deploy.0 = Release|x86
		{475CBCAF-7E2B-462C-87AA-79EA857A56C2}.Debug|Any CPU.ActiveCfg = Debug|x86
		{475CBCAF-7E2B-462C-87AA-79EA857A56C2}.Debug|ARM.ActiveCfg = Debug|ARM
		{475CBCAF-7E2B-462C-87AA-79EA857A56C2}.Debug|ARM.Build.0 = Debug|ARM
		{475CBCAF-7E2B-462C-87AA-79EA857A56C2}.Debug|ARM.Deploy.0 = Debug|ARM
		{475CBCAF-7E2B-462C-87AA-79EA857A56C2}.Debug|iPhone.ActiveCfg = Debug|x86
		{475CBCAF-7E2B-462C-87AA-79EA857A56C2}.Debug|iPhoneSimulator.ActiveCfg = Debug|x86
		{475CBCAF-7E2B-462C-87AA-79EA857A56C2}.Debug|x64.ActiveCfg = Debug|x64
		{475CBCAF-7E2B-462C-87AA-79EA857A56C2}.Debug|x64.Build.0 = Debug|x64
		{475CBCAF-7E2B-462C-87AA-79EA857A56C2}.Debug|x64.Deploy.0 = Debug|x64
		{475CBCAF-7E2B-462C-87AA-79EA857A56C2}.Debug|x86.ActiveCfg = Debug|x86
		{475CBCAF-7E2B-462C-87AA-79EA857A56C2}.Debug|x86.Build.0 = Debug|x86
		{475CBCAF-7E2B-462C-87AA-79EA857A56C2}.Debug|x86.Deploy.0 = Debug|x86
		{475CBCAF-7E2B-462C-87AA-79EA857A56C2}.Release|Any CPU.ActiveCfg = Release|x86
		{475CBCAF-7E2B-462C-87AA-79EA857A56C2}.Release|ARM.ActiveCfg = Release|ARM
		{475CBCAF-7E2B-462C-87AA-79EA857A56C2}.Release|ARM.Build.0 = Release|ARM
		{475CBCAF-7E2B-462C-87AA-79EA857A56C2}.Release|ARM.Deploy.0 = Release|ARM
		{475CBCAF-7E2B-462C-87AA-79EA857A56C2}.Release|iPhone.ActiveCfg = Release|x86
		{475CBCAF-7E2B-462C-87AA-79EA857A56C2}.Release|iPhoneSimulator.ActiveCfg = Release|x86
		{475CBCAF-7E2B-462C-87AA-79EA857A56C2}.Release|x64.ActiveCfg = Release|x64
		{475CBCAF-7E2B-462C-87AA-79EA857A56C2}.Release|x64.Build.0 = Release|x64
		{475CBCAF-7E2B-462C-87AA-79EA857A56C2}.Release|x64.Deploy.0 = Release|x64
		{475CBCAF-7E2B-462C-87AA-79EA857A56C2}.Release|x86.ActiveCfg = Release|x86
		{475CBCAF-7E2B-462C-87AA-79EA857A56C2}.Release|x86.Build.0 = Release|x86
		{475CBCAF-7E2B-462C-87AA-79EA857A56C2}.Release|x86.Deploy.0 = Release|x86
	EndGlobalSection
	GlobalSection(SolutionProperties) = preSolution
		HideSolutionNode = FALSE
	EndGlobalSection
	GlobalSection(ExtensibilityGlobals) = postSolution
		SolutionGuid = {2B0B34E8-9CAE-4E70-9871-193DEC8E25BE}
	EndGlobalSection
EndGlobal
